
Microsoft Visual Studio Solution File, Format Version 12.00
# Visual Studio 15
VisualStudioVersion = 15.0.27703.2035
MinimumVisualStudioVersion = 10.0.40219.1
Project("{FAE04EC0-301F-11D3-BF4B-00C04F79EFBC}") = "AndroidTabsDemo.Android", "AndroidTabsDemo\AndroidTabsDemo.Android\AndroidTabsDemo.Android.csproj", "{A237C263-B0C6-41CF-8E79-901CE9358850}"
EndProject
Project("{FAE04EC0-301F-11D3-BF4B-00C04F79EFBC}") = "AndroidTabsDemo.iOS", "AndroidTabsDemo\AndroidTabsDemo.iOS\AndroidTabsDemo.iOS.csproj", "{536CAEEF-D30F-471E-BFCF-B905E3D8D1EC}"
EndProject
Project("{FAE04EC0-301F-11D3-BF4B-00C04F79EFBC}") = "AndroidTabsDemo", "AndroidTabsDemo\AndroidTabsDemo\AndroidTabsDemo.csproj", "{ACAC29E6-6D0B-4013-868C-6964B47220AA}"
EndProject
Global
	GlobalSection(SolutionConfigurationPlatforms) = preSolution
		Ad-Hoc|Any CPU = Ad-Hoc|Any CPU
		Ad-Hoc|iPhone = Ad-Hoc|iPhone
		Ad-Hoc|iPhoneSimulator = Ad-Hoc|iPhoneSimulator
		AppStore|Any CPU = AppStore|Any CPU
		AppStore|iPhone = AppStore|iPhone
		AppStore|iPhoneSimulator = AppStore|iPhoneSimulator
		Debug|Any CPU = Debug|Any CPU
		Debug|iPhone = Debug|iPhone
		Debug|iPhoneSimulator = Debug|iPhoneSimulator
		Release|Any CPU = Release|Any CPU
		Release|iPhone = Release|iPhone
		Release|iPhoneSimulator = Release|iPhoneSimulator
	EndGlobalSection
	GlobalSection(ProjectConfigurationPlatforms) = postSolution
		{A237C263-B0C6-41CF-8E79-901CE9358850}.Ad-Hoc|Any CPU.ActiveCfg = Release|Any CPU
		{A237C263-B0C6-41CF-8E79-901CE9358850}.Ad-Hoc|Any CPU.Build.0 = Release|Any CPU
		{A237C263-B0C6-41CF-8E79-901CE9358850}.Ad-Hoc|Any CPU.Deploy.0 = Release|Any CPU
		{A237C263-B0C6-41CF-8E79-901CE9358850}.Ad-Hoc|iPhone.ActiveCfg = Release|Any CPU
		{A237C263-B0C6-41CF-8E79-901CE9358850}.Ad-Hoc|iPhone.Build.0 = Release|Any CPU
		{A237C263-B0C6-41CF-8E79-901CE9358850}.Ad-Hoc|iPhone.Deploy.0 = Release|Any CPU
		{A237C263-B0C6-41CF-8E79-901CE9358850}.Ad-Hoc|iPhoneSimulator.ActiveCfg = Release|Any CPU
		{A237C263-B0C6-41CF-8E79-901CE9358850}.Ad-Hoc|iPhoneSimulator.Build.0 = Release|Any CPU
		{A237C263-B0C6-41CF-8E79-901CE9358850}.Ad-Hoc|iPhoneSimulator.Deploy.0 = Release|Any CPU
		{A237C263-B0C6-41CF-8E79-901CE9358850}.AppStore|Any CPU.ActiveCfg = Release|Any CPU
		{A237C263-B0C6-41CF-8E79-901CE9358850}.AppStore|Any CPU.Build.0 = Release|Any CPU
		{A237C263-B0C6-41CF-8E79-901CE9358850}.AppStore|Any CPU.Deploy.0 = Release|Any CPU
		{A237C263-B0C6-41CF-8E79-901CE9358850}.AppStore|iPhone.ActiveCfg = Release|Any CPU
		{A237C263-B0C6-41CF-8E79-901CE9358850}.AppStore|iPhone.Build.0 = Release|Any CPU
		{A237C263-B0C6-41CF-8E79-901CE9358850}.AppStore|iPhone.Deploy.0 = Release|Any CPU
		{A237C263-B0C6-41CF-8E79-901CE9358850}.AppStore|iPhoneSimulator.ActiveCfg = Release|Any CPU
		{A237C263-B0C6-41CF-8E79-901CE9358850}.AppStore|iPhoneSimulator.Build.0 = Release|Any CPU
		{A237C263-B0C6-41CF-8E79-901CE9358850}.AppStore|iPhoneSimulator.Deploy.0 = Release|Any CPU
		{A237C263-B0C6-41CF-8E79-901CE9358850}.Debug|Any CPU.ActiveCfg = Debug|Any CPU
		{A237C263-B0C6-41CF-8E79-901CE9358850}.Debug|Any CPU.Build.0 = Debug|Any CPU
		{A237C263-B0C6-41CF-8E79-901CE9358850}.Debug|Any CPU.Deploy.0 = Debug|Any CPU
		{A237C263-B0C6-41CF-8E79-901CE9358850}.Debug|iPhone.ActiveCfg = Debug|Any CPU
		{A237C263-B0C6-41CF-8E79-901CE9358850}.Debug|iPhone.Build.0 = Debug|Any CPU
		{A237C263-B0C6-41CF-8E79-901CE9358850}.Debug|iPhone.Deploy.0 = Debug|Any CPU
		{A237C263-B0C6-41CF-8E79-901CE9358850}.Debug|iPhoneSimulator.ActiveCfg = Debug|Any CPU
		{A237C263-B0C6-41CF-8E79-901CE9358850}.Debug|iPhoneSimulator.Build.0 = Debug|Any CPU
		{A237C263-B0C6-41CF-8E79-901CE9358850}.Debug|iPhoneSimulator.Deploy.0 = Debug|Any CPU
		{A237C263-B0C6-41CF-8E79-901CE9358850}.Release|Any CPU.ActiveCfg = Release|Any CPU
		{A237C263-B0C6-41CF-8E79-901CE9358850}.Release|Any CPU.Build.0 = Release|Any CPU
		{A237C263-B0C6-41CF-8E79-901CE9358850}.Release|Any CPU.Deploy.0 = Release|Any CPU
		{A237C263-B0C6-41CF-8E79-901CE9358850}.Release|iPhone.ActiveCfg = Release|Any CPU
		{A237C263-B0C6-41CF-8E79-901CE9358850}.Release|iPhone.Build.0 = Release|Any CPU
		{A237C263-B0C6-41CF-8E79-901CE9358850}.Release|iPhone.Deploy.0 = Release|Any CPU
		{A237C263-B0C6-41CF-8E79-901CE9358850}.Release|iPhoneSimulator.ActiveCfg = Release|Any CPU
		{A237C263-B0C6-41CF-8E79-901CE9358850}.Release|iPhoneSimulator.Build.0 = Release|Any CPU
		{A237C263-B0C6-41CF-8E79-901CE9358850}.Release|iPhoneSimulator.Deploy.0 = Release|Any CPU
		{536CAEEF-D30F-471E-BFCF-B905E3D8D1EC}.Ad-Hoc|Any CPU.ActiveCfg = Ad-Hoc|iPhone
		{536CAEEF-D30F-471E-BFCF-B905E3D8D1EC}.Ad-Hoc|Any CPU.Build.0 = Ad-Hoc|iPhone
		{536CAEEF-D30F-471E-BFCF-B905E3D8D1EC}.Ad-Hoc|Any CPU.Deploy.0 = Ad-Hoc|iPhone
		{536CAEEF-D30F-471E-BFCF-B905E3D8D1EC}.Ad-Hoc|iPhone.ActiveCfg = Ad-Hoc|iPhone
		{536CAEEF-D30F-471E-BFCF-B905E3D8D1EC}.Ad-Hoc|iPhone.Build.0 = Ad-Hoc|iPhone
		{536CAEEF-D30F-471E-BFCF-B905E3D8D1EC}.Ad-Hoc|iPhone.Deploy.0 = Ad-Hoc|iPhone
		{536CAEEF-D30F-471E-BFCF-B905E3D8D1EC}.Ad-Hoc|iPhoneSimulator.ActiveCfg = Ad-Hoc|iPhoneSimulator
		{536CAEEF-D30F-471E-BFCF-B905E3D8D1EC}.Ad-Hoc|iPhoneSimulator.Build.0 = Ad-Hoc|iPhoneSimulator
		{536CAEEF-D30F-471E-BFCF-B905E3D8D1EC}.Ad-Hoc|iPhoneSimulator.Deploy.0 = Ad-Hoc|iPhoneSimulator
		{536CAEEF-D30F-471E-BFCF-B905E3D8D1EC}.AppStore|Any CPU.ActiveCfg = AppStore|iPhone
		{536CAEEF-D30F-471E-BFCF-B905E3D8D1EC}.AppStore|Any CPU.Build.0 = AppStore|iPhone
		{536CAEEF-D30F-471E-BFCF-B905E3D8D1EC}.AppStore|Any CPU.Deploy.0 = AppStore|iPhone
		{536CAEEF-D30F-471E-BFCF-B905E3D8D1EC}.AppStore|iPhone.ActiveCfg = AppStore|iPhone
		{536CAEEF-D30F-471E-BFCF-B905E3D8D1EC}.AppStore|iPhone.Build.0 = AppStore|iPhone
		{536CAEEF-D30F-471E-BFCF-B905E3D8D1EC}.AppStore|iPhone.Deploy.0 = AppStore|iPhone
		{536CAEEF-D30F-471E-BFCF-B905E3D8D1EC}.AppStore|iPhoneSimulator.ActiveCfg = AppStore|iPhoneSimulator
		{536CAEEF-D30F-471E-BFCF-B905E3D8D1EC}.AppStore|iPhoneSimulator.Build.0 = AppStore|iPhoneSimulator
		{536CAEEF-D30F-471E-BFCF-B905E3D8D1EC}.AppStore|iPhoneSimulator.Deploy.0 = AppStore|iPhoneSimulator
		{536CAEEF-D30F-471E-BFCF-B905E3D8D1EC}.Debug|Any CPU.ActiveCfg = Debug|iPhoneSimulator
		{536CAEEF-D30F-471E-BFCF-B905E3D8D1EC}.Debug|Any CPU.Build.0 = Debug|iPhoneSimulator
		{536CAEEF-D30F-471E-BFCF-B905E3D8D1EC}.Debug|Any CPU.Deploy.0 = Debug|iPhoneSimulator
		{536CAEEF-D30F-471E-BFCF-B905E3D8D1EC}.Debug|iPhone.ActiveCfg = Debug|iPhone
		{536CAEEF-D30F-471E-BFCF-B905E3D8D1EC}.Debug|iPhone.Build.0 = Debug|iPhone
		{536CAEEF-D30F-471E-BFCF-B905E3D8D1EC}.Debug|iPhone.Deploy.0 = Debug|iPhone
		{536CAEEF-D30F-471E-BFCF-B905E3D8D1EC}.Debug|iPhoneSimulator.ActiveCfg = Debug|iPhoneSimulator
		{536CAEEF-D30F-471E-BFCF-B905E3D8D1EC}.Debug|iPhoneSimulator.Build.0 = Debug|iPhoneSimulator
		{536CAEEF-D30F-471E-BFCF-B905E3D8D1EC}.Debug|iPhoneSimulator.Deploy.0 = Debug|iPhoneSimulator
		{536CAEEF-D30F-471E-BFCF-B905E3D8D1EC}.Release|Any CPU.ActiveCfg = Release|iPhone
		{536CAEEF-D30F-471E-BFCF-B905E3D8D1EC}.Release|Any CPU.Build.0 = Release|iPhone
		{536CAEEF-D30F-471E-BFCF-B905E3D8D1EC}.Release|Any CPU.Deploy.0 = Release|iPhone
		{536CAEEF-D30F-471E-BFCF-B905E3D8D1EC}.Release|iPhone.ActiveCfg = Release|iPhone
		{536CAEEF-D30F-471E-BFCF-B905E3D8D1EC}.Release|iPhone.Build.0 = Release|iPhone
		{536CAEEF-D30F-471E-BFCF-B905E3D8D1EC}.Release|iPhone.Deploy.0 = Release|iPhone
		{536CAEEF-D30F-471E-BFCF-B905E3D8D1EC}.Release|iPhoneSimulator.ActiveCfg = Release|iPhoneSimulator
		{536CAEEF-D30F-471E-BFCF-B905E3D8D1EC}.Release|iPhoneSimulator.Build.0 = Release|iPhoneSimulator
		{536CAEEF-D30F-471E-BFCF-B905E3D8D1EC}.Release|iPhoneSimulator.Deploy.0 = Release|iPhoneSimulator
		{ACAC29E6-6D0B-4013-868C-6964B47220AA}.Ad-Hoc|Any CPU.ActiveCfg = Debug|Any CPU
		{ACAC29E6-6D0B-4013-868C-6964B47220AA}.Ad-Hoc|Any CPU.Build.0 = Debug|Any CPU
		{ACAC29E6-6D0B-4013-868C-6964B47220AA}.Ad-Hoc|Any CPU.Deploy.0 = Debug|Any CPU
		{ACAC29E6-6D0B-4013-868C-6964B47220AA}.Ad-Hoc|iPhone.ActiveCfg = Debug|Any CPU
		{ACAC29E6-6D0B-4013-868C-6964B47220AA}.Ad-Hoc|iPhone.Build.0 = Debug|Any CPU
		{ACAC29E6-6D0B-4013-868C-6964B47220AA}.Ad-Hoc|iPhone.Deploy.0 = Debug|Any CPU
		{ACAC29E6-6D0B-4013-868C-6964B47220AA}.Ad-Hoc|iPhoneSimulator.ActiveCfg = Debug|Any CPU
		{ACAC29E6-6D0B-4013-868C-6964B47220AA}.Ad-Hoc|iPhoneSimulator.Build.0 = Debug|Any CPU
		{ACAC29E6-6D0B-4013-868C-6964B47220AA}.Ad-Hoc|iPhoneSimulator.Deploy.0 = Debug|Any CPU
		{ACAC29E6-6D0B-4013-868C-6964B47220AA}.AppStore|Any CPU.ActiveCfg = Debug|Any CPU
		{ACAC29E6-6D0B-4013-868C-6964B47220AA}.AppStore|Any CPU.Build.0 = Debug|Any CPU
		{ACAC29E6-6D0B-4013-868C-6964B47220AA}.AppStore|Any CPU.Deploy.0 = Debug|Any CPU
		{ACAC29E6-6D0B-4013-868C-6964B47220AA}.AppStore|iPhone.ActiveCfg = Debug|Any CPU
		{ACAC29E6-6D0B-4013-868C-6964B47220AA}.AppStore|iPhone.Build.0 = Debug|Any CPU
		{ACAC29E6-6D0B-4013-868C-6964B47220AA}.AppStore|iPhone.Deploy.0 = Debug|Any CPU
		{ACAC29E6-6D0B-4013-868C-6964B47220AA}.AppStore|iPhoneSimulator.ActiveCfg = Debug|Any CPU
		{ACAC29E6-6D0B-4013-868C-6964B47220AA}.AppStore|iPhoneSimulator.Build.0 = Debug|Any CPU
		{ACAC29E6-6D0B-4013-868C-6964B47220AA}.AppStore|iPhoneSimulator.Deploy.0 = Debug|Any CPU
		{ACAC29E6-6D0B-4013-868C-6964B47220AA}.Debug|Any CPU.ActiveCfg = Debug|Any CPU
		{ACAC29E6-6D0B-4013-868C-6964B47220AA}.Debug|Any CPU.Build.0 = Debug|Any CPU
		{ACAC29E6-6D0B-4013-868C-6964B47220AA}.Debug|Any CPU.Deploy.0 = Debug|Any CPU
		{ACAC29E6-6D0B-4013-868C-6964B47220AA}.Debug|iPhone.ActiveCfg = Debug|Any CPU
		{ACAC29E6-6D0B-4013-868C-6964B47220AA}.Debug|iPhone.Build.0 = Debug|Any CPU
		{ACAC29E6-6D0B-4013-868C-6964B47220AA}.Debug|iPhone.Deploy.0 = Debug|Any CPU
		{ACAC29E6-6D0B-4013-868C-6964B47220AA}.Debug|iPhoneSimulator.ActiveCfg = Debug|Any CPU
		{ACAC29E6-6D0B-4013-868C-6964B47220AA}.Debug|iPhoneSimulator.Build.0 = Debug|Any CPU
		{ACAC29E6-6D0B-4013-868C-6964B47220AA}.Debug|iPhoneSimulator.Deploy.0 = Debug|Any CPU
		{ACAC29E6-6D0B-4013-868C-6964B47220AA}.Release|Any CPU.ActiveCfg = Release|Any CPU
		{ACAC29E6-6D0B-4013-868C-6964B47220AA}.Release|Any CPU.Build.0 = Release|Any CPU
		{ACAC29E6-6D0B-4013-868C-6964B47220AA}.Release|Any CPU.Deploy.0 = Release|Any CPU
		{ACAC29E6-6D0B-4013-868C-6964B47220AA}.Release|iPhone.ActiveCfg = Release|Any CPU
		{ACAC29E6-6D0B-4013-868C-6964B47220AA}.Release|iPhone.Build.0 = Release|Any CPU
		{ACAC29E6-6D0B-4013-868C-6964B47220AA}.Release|iPhone.Deploy.0 = Release|Any CPU
		{ACAC29E6-6D0B-4013-868C-6964B47220AA}.Release|iPhoneSimulator.ActiveCfg = Release|Any CPU
		{ACAC29E6-6D0B-4013-868C-6964B47220AA}.Release|iPhoneSimulator.Build.0 = Release|Any CPU
		{ACAC29E6-6D0B-4013-868C-6964B47220AA}.Release|iPhoneSimulator.Deploy.0 = Release|Any CPU
	EndGlobalSection
	GlobalSection(SolutionProperties) = preSolution
		HideSolutionNode = FALSE
	EndGlobalSection
	GlobalSection(ExtensibilityGlobals) = postSolution
		SolutionGuid = {54FA4EFD-5F8C-4C33-9D39-D9263649C408}
	EndGlobalSection
EndGlobal
