
Microsoft Visual Studio Solution File, Format Version 12.00
# Visual Studio 15
VisualStudioVersion = 15.0.27703.2018
MinimumVisualStudioVersion = 10.0.40219.1
Project("{FAE04EC0-301F-11D3-BF4B-00C04F79EFBC}") = "FFImageLoadingDemo.Android", "FFImageLoadingDemo\FFImageLoadingDemo.Android\FFImageLoadingDemo.Android.csproj", "{0218E448-038E-4CF9-8534-B88CA4024E46}"
EndProject
Project("{FAE04EC0-301F-11D3-BF4B-00C04F79EFBC}") = "FFImageLoadingDemo.iOS", "FFImageLoadingDemo\FFImageLoadingDemo.iOS\FFImageLoadingDemo.iOS.csproj", "{9E70AE11-B403-462C-96D7-81ABB92EB1F7}"
EndProject
Project("{FAE04EC0-301F-11D3-BF4B-00C04F79EFBC}") = "FFImageLoadingDemo", "FFImageLoadingDemo\FFImageLoadingDemo\FFImageLoadingDemo.csproj", "{24B8C573-9C47-47EF-B5AE-81B25AB3AD90}"
EndProject
Global
	GlobalSection(SolutionConfigurationPlatforms) = preSolution
		Ad-Hoc|Any CPU = Ad-Hoc|Any CPU
		Ad-Hoc|iPhone = Ad-Hoc|iPhone
		Ad-Hoc|iPhoneSimulator = Ad-Hoc|iPhoneSimulator
		AppStore|Any CPU = AppStore|Any CPU
		AppStore|iPhone = AppStore|iPhone
		AppStore|iPhoneSimulator = AppStore|iPhoneSimulator
		Debug|Any CPU = Debug|Any CPU
		Debug|iPhone = Debug|iPhone
		Debug|iPhoneSimulator = Debug|iPhoneSimulator
		Release|Any CPU = Release|Any CPU
		Release|iPhone = Release|iPhone
		Release|iPhoneSimulator = Release|iPhoneSimulator
	EndGlobalSection
	GlobalSection(ProjectConfigurationPlatforms) = postSolution
		{0218E448-038E-4CF9-8534-B88CA4024E46}.Ad-Hoc|Any CPU.ActiveCfg = Release|Any CPU
		{0218E448-038E-4CF9-8534-B88CA4024E46}.Ad-Hoc|Any CPU.Build.0 = Release|Any CPU
		{0218E448-038E-4CF9-8534-B88CA4024E46}.Ad-Hoc|Any CPU.Deploy.0 = Release|Any CPU
		{0218E448-038E-4CF9-8534-B88CA4024E46}.Ad-Hoc|iPhone.ActiveCfg = Release|Any CPU
		{0218E448-038E-4CF9-8534-B88CA4024E46}.Ad-Hoc|iPhone.Build.0 = Release|Any CPU
		{0218E448-038E-4CF9-8534-B88CA4024E46}.Ad-Hoc|iPhone.Deploy.0 = Release|Any CPU
		{0218E448-038E-4CF9-8534-B88CA4024E46}.Ad-Hoc|iPhoneSimulator.ActiveCfg = Release|Any CPU
		{0218E448-038E-4CF9-8534-B88CA4024E46}.Ad-Hoc|iPhoneSimulator.Build.0 = Release|Any CPU
		{0218E448-038E-4CF9-8534-B88CA4024E46}.Ad-Hoc|iPhoneSimulator.Deploy.0 = Release|Any CPU
		{0218E448-038E-4CF9-8534-B88CA4024E46}.AppStore|Any CPU.ActiveCfg = Release|Any CPU
		{0218E448-038E-4CF9-8534-B88CA4024E46}.AppStore|Any CPU.Build.0 = Release|Any CPU
		{0218E448-038E-4CF9-8534-B88CA4024E46}.AppStore|Any CPU.Deploy.0 = Release|Any CPU
		{0218E448-038E-4CF9-8534-B88CA4024E46}.AppStore|iPhone.ActiveCfg = Release|Any CPU
		{0218E448-038E-4CF9-8534-B88CA4024E46}.AppStore|iPhone.Build.0 = Release|Any CPU
		{0218E448-038E-4CF9-8534-B88CA4024E46}.AppStore|iPhone.Deploy.0 = Release|Any CPU
		{0218E448-038E-4CF9-8534-B88CA4024E46}.AppStore|iPhoneSimulator.ActiveCfg = Release|Any CPU
		{0218E448-038E-4CF9-8534-B88CA4024E46}.AppStore|iPhoneSimulator.Build.0 = Release|Any CPU
		{0218E448-038E-4CF9-8534-B88CA4024E46}.AppStore|iPhoneSimulator.Deploy.0 = Release|Any CPU
		{0218E448-038E-4CF9-8534-B88CA4024E46}.Debug|Any CPU.ActiveCfg = Debug|Any CPU
		{0218E448-038E-4CF9-8534-B88CA4024E46}.Debug|Any CPU.Build.0 = Debug|Any CPU
		{0218E448-038E-4CF9-8534-B88CA4024E46}.Debug|Any CPU.Deploy.0 = Debug|Any CPU
		{0218E448-038E-4CF9-8534-B88CA4024E46}.Debug|iPhone.ActiveCfg = Debug|Any CPU
		{0218E448-038E-4CF9-8534-B88CA4024E46}.Debug|iPhone.Build.0 = Debug|Any CPU
		{0218E448-038E-4CF9-8534-B88CA4024E46}.Debug|iPhone.Deploy.0 = Debug|Any CPU
		{0218E448-038E-4CF9-8534-B88CA4024E46}.Debug|iPhoneSimulator.ActiveCfg = Debug|Any CPU
		{0218E448-038E-4CF9-8534-B88CA4024E46}.Debug|iPhoneSimulator.Build.0 = Debug|Any CPU
		{0218E448-038E-4CF9-8534-B88CA4024E46}.Debug|iPhoneSimulator.Deploy.0 = Debug|Any CPU
		{0218E448-038E-4CF9-8534-B88CA4024E46}.Release|Any CPU.ActiveCfg = Release|Any CPU
		{0218E448-038E-4CF9-8534-B88CA4024E46}.Release|Any CPU.Build.0 = Release|Any CPU
		{0218E448-038E-4CF9-8534-B88CA4024E46}.Release|Any CPU.Deploy.0 = Release|Any CPU
		{0218E448-038E-4CF9-8534-B88CA4024E46}.Release|iPhone.ActiveCfg = Release|Any CPU
		{0218E448-038E-4CF9-8534-B88CA4024E46}.Release|iPhone.Build.0 = Release|Any CPU
		{0218E448-038E-4CF9-8534-B88CA4024E46}.Release|iPhone.Deploy.0 = Release|Any CPU
		{0218E448-038E-4CF9-8534-B88CA4024E46}.Release|iPhoneSimulator.ActiveCfg = Release|Any CPU
		{0218E448-038E-4CF9-8534-B88CA4024E46}.Release|iPhoneSimulator.Build.0 = Release|Any CPU
		{0218E448-038E-4CF9-8534-B88CA4024E46}.Release|iPhoneSimulator.Deploy.0 = Release|Any CPU
		{9E70AE11-B403-462C-96D7-81ABB92EB1F7}.Ad-Hoc|Any CPU.ActiveCfg = Ad-Hoc|iPhone
		{9E70AE11-B403-462C-96D7-81ABB92EB1F7}.Ad-Hoc|Any CPU.Build.0 = Ad-Hoc|iPhone
		{9E70AE11-B403-462C-96D7-81ABB92EB1F7}.Ad-Hoc|Any CPU.Deploy.0 = Ad-Hoc|iPhone
		{9E70AE11-B403-462C-96D7-81ABB92EB1F7}.Ad-Hoc|iPhone.ActiveCfg = Ad-Hoc|iPhone
		{9E70AE11-B403-462C-96D7-81ABB92EB1F7}.Ad-Hoc|iPhone.Build.0 = Ad-Hoc|iPhone
		{9E70AE11-B403-462C-96D7-81ABB92EB1F7}.Ad-Hoc|iPhone.Deploy.0 = Ad-Hoc|iPhone
		{9E70AE11-B403-462C-96D7-81ABB92EB1F7}.Ad-Hoc|iPhoneSimulator.ActiveCfg = Ad-Hoc|iPhoneSimulator
		{9E70AE11-B403-462C-96D7-81ABB92EB1F7}.Ad-Hoc|iPhoneSimulator.Build.0 = Ad-Hoc|iPhoneSimulator
		{9E70AE11-B403-462C-96D7-81ABB92EB1F7}.Ad-Hoc|iPhoneSimulator.Deploy.0 = Ad-Hoc|iPhoneSimulator
		{9E70AE11-B403-462C-96D7-81ABB92EB1F7}.AppStore|Any CPU.ActiveCfg = AppStore|iPhone
		{9E70AE11-B403-462C-96D7-81ABB92EB1F7}.AppStore|Any CPU.Build.0 = AppStore|iPhone
		{9E70AE11-B403-462C-96D7-81ABB92EB1F7}.AppStore|Any CPU.Deploy.0 = AppStore|iPhone
		{9E70AE11-B403-462C-96D7-81ABB92EB1F7}.AppStore|iPhone.ActiveCfg = AppStore|iPhone
		{9E70AE11-B403-462C-96D7-81ABB92EB1F7}.AppStore|iPhone.Build.0 = AppStore|iPhone
		{9E70AE11-B403-462C-96D7-81ABB92EB1F7}.AppStore|iPhone.Deploy.0 = AppStore|iPhone
		{9E70AE11-B403-462C-96D7-81ABB92EB1F7}.AppStore|iPhoneSimulator.ActiveCfg = AppStore|iPhoneSimulator
		{9E70AE11-B403-462C-96D7-81ABB92EB1F7}.AppStore|iPhoneSimulator.Build.0 = AppStore|iPhoneSimulator
		{9E70AE11-B403-462C-96D7-81ABB92EB1F7}.AppStore|iPhoneSimulator.Deploy.0 = AppStore|iPhoneSimulator
		{9E70AE11-B403-462C-96D7-81ABB92EB1F7}.Debug|Any CPU.ActiveCfg = Debug|iPhoneSimulator
		{9E70AE11-B403-462C-96D7-81ABB92EB1F7}.Debug|Any CPU.Build.0 = Debug|iPhoneSimulator
		{9E70AE11-B403-462C-96D7-81ABB92EB1F7}.Debug|Any CPU.Deploy.0 = Debug|iPhoneSimulator
		{9E70AE11-B403-462C-96D7-81ABB92EB1F7}.Debug|iPhone.ActiveCfg = Debug|iPhone
		{9E70AE11-B403-462C-96D7-81ABB92EB1F7}.Debug|iPhone.Build.0 = Debug|iPhone
		{9E70AE11-B403-462C-96D7-81ABB92EB1F7}.Debug|iPhone.Deploy.0 = Debug|iPhone
		{9E70AE11-B403-462C-96D7-81ABB92EB1F7}.Debug|iPhoneSimulator.ActiveCfg = Debug|iPhoneSimulator
		{9E70AE11-B403-462C-96D7-81ABB92EB1F7}.Debug|iPhoneSimulator.Build.0 = Debug|iPhoneSimulator
		{9E70AE11-B403-462C-96D7-81ABB92EB1F7}.Debug|iPhoneSimulator.Deploy.0 = Debug|iPhoneSimulator
		{9E70AE11-B403-462C-96D7-81ABB92EB1F7}.Release|Any CPU.ActiveCfg = Release|iPhone
		{9E70AE11-B403-462C-96D7-81ABB92EB1F7}.Release|Any CPU.Build.0 = Release|iPhone
		{9E70AE11-B403-462C-96D7-81ABB92EB1F7}.Release|Any CPU.Deploy.0 = Release|iPhone
		{9E70AE11-B403-462C-96D7-81ABB92EB1F7}.Release|iPhone.ActiveCfg = Release|iPhone
		{9E70AE11-B403-462C-96D7-81ABB92EB1F7}.Release|iPhone.Build.0 = Release|iPhone
		{9E70AE11-B403-462C-96D7-81ABB92EB1F7}.Release|iPhone.Deploy.0 = Release|iPhone
		{9E70AE11-B403-462C-96D7-81ABB92EB1F7}.Release|iPhoneSimulator.ActiveCfg = Release|iPhoneSimulator
		{9E70AE11-B403-462C-96D7-81ABB92EB1F7}.Release|iPhoneSimulator.Build.0 = Release|iPhoneSimulator
		{9E70AE11-B403-462C-96D7-81ABB92EB1F7}.Release|iPhoneSimulator.Deploy.0 = Release|iPhoneSimulator
		{24B8C573-9C47-47EF-B5AE-81B25AB3AD90}.Ad-Hoc|Any CPU.ActiveCfg = Debug|Any CPU
		{24B8C573-9C47-47EF-B5AE-81B25AB3AD90}.Ad-Hoc|Any CPU.Build.0 = Debug|Any CPU
		{24B8C573-9C47-47EF-B5AE-81B25AB3AD90}.Ad-Hoc|Any CPU.Deploy.0 = Debug|Any CPU
		{24B8C573-9C47-47EF-B5AE-81B25AB3AD90}.Ad-Hoc|iPhone.ActiveCfg = Debug|Any CPU
		{24B8C573-9C47-47EF-B5AE-81B25AB3AD90}.Ad-Hoc|iPhone.Build.0 = Debug|Any CPU
		{24B8C573-9C47-47EF-B5AE-81B25AB3AD90}.Ad-Hoc|iPhone.Deploy.0 = Debug|Any CPU
		{24B8C573-9C47-47EF-B5AE-81B25AB3AD90}.Ad-Hoc|iPhoneSimulator.ActiveCfg = Debug|Any CPU
		{24B8C573-9C47-47EF-B5AE-81B25AB3AD90}.Ad-Hoc|iPhoneSimulator.Build.0 = Debug|Any CPU
		{24B8C573-9C47-47EF-B5AE-81B25AB3AD90}.Ad-Hoc|iPhoneSimulator.Deploy.0 = Debug|Any CPU
		{24B8C573-9C47-47EF-B5AE-81B25AB3AD90}.AppStore|Any CPU.ActiveCfg = Debug|Any CPU
		{24B8C573-9C47-47EF-B5AE-81B25AB3AD90}.AppStore|Any CPU.Build.0 = Debug|Any CPU
		{24B8C573-9C47-47EF-B5AE-81B25AB3AD90}.AppStore|Any CPU.Deploy.0 = Debug|Any CPU
		{24B8C573-9C47-47EF-B5AE-81B25AB3AD90}.AppStore|iPhone.ActiveCfg = Debug|Any CPU
		{24B8C573-9C47-47EF-B5AE-81B25AB3AD90}.AppStore|iPhone.Build.0 = Debug|Any CPU
		{24B8C573-9C47-47EF-B5AE-81B25AB3AD90}.AppStore|iPhone.Deploy.0 = Debug|Any CPU
		{24B8C573-9C47-47EF-B5AE-81B25AB3AD90}.AppStore|iPhoneSimulator.ActiveCfg = Debug|Any CPU
		{24B8C573-9C47-47EF-B5AE-81B25AB3AD90}.AppStore|iPhoneSimulator.Build.0 = Debug|Any CPU
		{24B8C573-9C47-47EF-B5AE-81B25AB3AD90}.AppStore|iPhoneSimulator.Deploy.0 = Debug|Any CPU
		{24B8C573-9C47-47EF-B5AE-81B25AB3AD90}.Debug|Any CPU.ActiveCfg = Debug|Any CPU
		{24B8C573-9C47-47EF-B5AE-81B25AB3AD90}.Debug|Any CPU.Build.0 = Debug|Any CPU
		{24B8C573-9C47-47EF-B5AE-81B25AB3AD90}.Debug|Any CPU.Deploy.0 = Debug|Any CPU
		{24B8C573-9C47-47EF-B5AE-81B25AB3AD90}.Debug|iPhone.ActiveCfg = Debug|Any CPU
		{24B8C573-9C47-47EF-B5AE-81B25AB3AD90}.Debug|iPhone.Build.0 = Debug|Any CPU
		{24B8C573-9C47-47EF-B5AE-81B25AB3AD90}.Debug|iPhone.Deploy.0 = Debug|Any CPU
		{24B8C573-9C47-47EF-B5AE-81B25AB3AD90}.Debug|iPhoneSimulator.ActiveCfg = Debug|Any CPU
		{24B8C573-9C47-47EF-B5AE-81B25AB3AD90}.Debug|iPhoneSimulator.Build.0 = Debug|Any CPU
		{24B8C573-9C47-47EF-B5AE-81B25AB3AD90}.Debug|iPhoneSimulator.Deploy.0 = Debug|Any CPU
		{24B8C573-9C47-47EF-B5AE-81B25AB3AD90}.Release|Any CPU.ActiveCfg = Release|Any CPU
		{24B8C573-9C47-47EF-B5AE-81B25AB3AD90}.Release|Any CPU.Build.0 = Release|Any CPU
		{24B8C573-9C47-47EF-B5AE-81B25AB3AD90}.Release|Any CPU.Deploy.0 = Release|Any CPU
		{24B8C573-9C47-47EF-B5AE-81B25AB3AD90}.Release|iPhone.ActiveCfg = Release|Any CPU
		{24B8C573-9C47-47EF-B5AE-81B25AB3AD90}.Release|iPhone.Build.0 = Release|Any CPU
		{24B8C573-9C47-47EF-B5AE-81B25AB3AD90}.Release|iPhone.Deploy.0 = Release|Any CPU
		{24B8C573-9C47-47EF-B5AE-81B25AB3AD90}.Release|iPhoneSimulator.ActiveCfg = Release|Any CPU
		{24B8C573-9C47-47EF-B5AE-81B25AB3AD90}.Release|iPhoneSimulator.Build.0 = Release|Any CPU
		{24B8C573-9C47-47EF-B5AE-81B25AB3AD90}.Release|iPhoneSimulator.Deploy.0 = Release|Any CPU
	EndGlobalSection
	GlobalSection(SolutionProperties) = preSolution
		HideSolutionNode = FALSE
	EndGlobalSection
	GlobalSection(ExtensibilityGlobals) = postSolution
		SolutionGuid = {79E7B7B4-C98C-4070-8000-D1CD81B5149C}
	EndGlobalSection
EndGlobal
