
Microsoft Visual Studio Solution File, Format Version 12.00
# Visual Studio 15
VisualStudioVersion = 15.0.27703.2018
MinimumVisualStudioVersion = 10.0.40219.1
Project("{FAE04EC0-301F-11D3-BF4B-00C04F79EFBC}") = "BottomBarDemo.Android", "BottomBarDemo\BottomBarDemo.Android\BottomBarDemo.Android.csproj", "{44101371-2EA8-40CC-A770-49CD83F1FA9F}"
EndProject
Project("{FAE04EC0-301F-11D3-BF4B-00C04F79EFBC}") = "BottomBarDemo.iOS", "BottomBarDemo\BottomBarDemo.iOS\BottomBarDemo.iOS.csproj", "{BFDF6BE8-09C7-407D-B515-3A3D3D5A78E8}"
EndProject
Project("{FAE04EC0-301F-11D3-BF4B-00C04F79EFBC}") = "BottomBarDemo", "BottomBarDemo\BottomBarDemo\BottomBarDemo.csproj", "{1ED6AFF1-4B5C-434B-9CF3-8D8B6F722473}"
EndProject
Global
	GlobalSection(SolutionConfigurationPlatforms) = preSolution
		Ad-Hoc|Any CPU = Ad-Hoc|Any CPU
		Ad-Hoc|iPhone = Ad-Hoc|iPhone
		Ad-Hoc|iPhoneSimulator = Ad-Hoc|iPhoneSimulator
		AppStore|Any CPU = AppStore|Any CPU
		AppStore|iPhone = AppStore|iPhone
		AppStore|iPhoneSimulator = AppStore|iPhoneSimulator
		Debug|Any CPU = Debug|Any CPU
		Debug|iPhone = Debug|iPhone
		Debug|iPhoneSimulator = Debug|iPhoneSimulator
		Release|Any CPU = Release|Any CPU
		Release|iPhone = Release|iPhone
		Release|iPhoneSimulator = Release|iPhoneSimulator
	EndGlobalSection
	GlobalSection(ProjectConfigurationPlatforms) = postSolution
		{44101371-2EA8-40CC-A770-49CD83F1FA9F}.Ad-Hoc|Any CPU.ActiveCfg = Release|Any CPU
		{44101371-2EA8-40CC-A770-49CD83F1FA9F}.Ad-Hoc|Any CPU.Build.0 = Release|Any CPU
		{44101371-2EA8-40CC-A770-49CD83F1FA9F}.Ad-Hoc|Any CPU.Deploy.0 = Release|Any CPU
		{44101371-2EA8-40CC-A770-49CD83F1FA9F}.Ad-Hoc|iPhone.ActiveCfg = Release|Any CPU
		{44101371-2EA8-40CC-A770-49CD83F1FA9F}.Ad-Hoc|iPhone.Build.0 = Release|Any CPU
		{44101371-2EA8-40CC-A770-49CD83F1FA9F}.Ad-Hoc|iPhone.Deploy.0 = Release|Any CPU
		{44101371-2EA8-40CC-A770-49CD83F1FA9F}.Ad-Hoc|iPhoneSimulator.ActiveCfg = Release|Any CPU
		{44101371-2EA8-40CC-A770-49CD83F1FA9F}.Ad-Hoc|iPhoneSimulator.Build.0 = Release|Any CPU
		{44101371-2EA8-40CC-A770-49CD83F1FA9F}.Ad-Hoc|iPhoneSimulator.Deploy.0 = Release|Any CPU
		{44101371-2EA8-40CC-A770-49CD83F1FA9F}.AppStore|Any CPU.ActiveCfg = Release|Any CPU
		{44101371-2EA8-40CC-A770-49CD83F1FA9F}.AppStore|Any CPU.Build.0 = Release|Any CPU
		{44101371-2EA8-40CC-A770-49CD83F1FA9F}.AppStore|Any CPU.Deploy.0 = Release|Any CPU
		{44101371-2EA8-40CC-A770-49CD83F1FA9F}.AppStore|iPhone.ActiveCfg = Release|Any CPU
		{44101371-2EA8-40CC-A770-49CD83F1FA9F}.AppStore|iPhone.Build.0 = Release|Any CPU
		{44101371-2EA8-40CC-A770-49CD83F1FA9F}.AppStore|iPhone.Deploy.0 = Release|Any CPU
		{44101371-2EA8-40CC-A770-49CD83F1FA9F}.AppStore|iPhoneSimulator.ActiveCfg = Release|Any CPU
		{44101371-2EA8-40CC-A770-49CD83F1FA9F}.AppStore|iPhoneSimulator.Build.0 = Release|Any CPU
		{44101371-2EA8-40CC-A770-49CD83F1FA9F}.AppStore|iPhoneSimulator.Deploy.0 = Release|Any CPU
		{44101371-2EA8-40CC-A770-49CD83F1FA9F}.Debug|Any CPU.ActiveCfg = Debug|Any CPU
		{44101371-2EA8-40CC-A770-49CD83F1FA9F}.Debug|Any CPU.Build.0 = Debug|Any CPU
		{44101371-2EA8-40CC-A770-49CD83F1FA9F}.Debug|Any CPU.Deploy.0 = Debug|Any CPU
		{44101371-2EA8-40CC-A770-49CD83F1FA9F}.Debug|iPhone.ActiveCfg = Debug|Any CPU
		{44101371-2EA8-40CC-A770-49CD83F1FA9F}.Debug|iPhone.Build.0 = Debug|Any CPU
		{44101371-2EA8-40CC-A770-49CD83F1FA9F}.Debug|iPhone.Deploy.0 = Debug|Any CPU
		{44101371-2EA8-40CC-A770-49CD83F1FA9F}.Debug|iPhoneSimulator.ActiveCfg = Debug|Any CPU
		{44101371-2EA8-40CC-A770-49CD83F1FA9F}.Debug|iPhoneSimulator.Build.0 = Debug|Any CPU
		{44101371-2EA8-40CC-A770-49CD83F1FA9F}.Debug|iPhoneSimulator.Deploy.0 = Debug|Any CPU
		{44101371-2EA8-40CC-A770-49CD83F1FA9F}.Release|Any CPU.ActiveCfg = Release|Any CPU
		{44101371-2EA8-40CC-A770-49CD83F1FA9F}.Release|Any CPU.Build.0 = Release|Any CPU
		{44101371-2EA8-40CC-A770-49CD83F1FA9F}.Release|Any CPU.Deploy.0 = Release|Any CPU
		{44101371-2EA8-40CC-A770-49CD83F1FA9F}.Release|iPhone.ActiveCfg = Release|Any CPU
		{44101371-2EA8-40CC-A770-49CD83F1FA9F}.Release|iPhone.Build.0 = Release|Any CPU
		{44101371-2EA8-40CC-A770-49CD83F1FA9F}.Release|iPhone.Deploy.0 = Release|Any CPU
		{44101371-2EA8-40CC-A770-49CD83F1FA9F}.Release|iPhoneSimulator.ActiveCfg = Release|Any CPU
		{44101371-2EA8-40CC-A770-49CD83F1FA9F}.Release|iPhoneSimulator.Build.0 = Release|Any CPU
		{44101371-2EA8-40CC-A770-49CD83F1FA9F}.Release|iPhoneSimulator.Deploy.0 = Release|Any CPU
		{BFDF6BE8-09C7-407D-B515-3A3D3D5A78E8}.Ad-Hoc|Any CPU.ActiveCfg = Ad-Hoc|iPhone
		{BFDF6BE8-09C7-407D-B515-3A3D3D5A78E8}.Ad-Hoc|Any CPU.Build.0 = Ad-Hoc|iPhone
		{BFDF6BE8-09C7-407D-B515-3A3D3D5A78E8}.Ad-Hoc|Any CPU.Deploy.0 = Ad-Hoc|iPhone
		{BFDF6BE8-09C7-407D-B515-3A3D3D5A78E8}.Ad-Hoc|iPhone.ActiveCfg = Ad-Hoc|iPhone
		{BFDF6BE8-09C7-407D-B515-3A3D3D5A78E8}.Ad-Hoc|iPhone.Build.0 = Ad-Hoc|iPhone
		{BFDF6BE8-09C7-407D-B515-3A3D3D5A78E8}.Ad-Hoc|iPhone.Deploy.0 = Ad-Hoc|iPhone
		{BFDF6BE8-09C7-407D-B515-3A3D3D5A78E8}.Ad-Hoc|iPhoneSimulator.ActiveCfg = Ad-Hoc|iPhoneSimulator
		{BFDF6BE8-09C7-407D-B515-3A3D3D5A78E8}.Ad-Hoc|iPhoneSimulator.Build.0 = Ad-Hoc|iPhoneSimulator
		{BFDF6BE8-09C7-407D-B515-3A3D3D5A78E8}.Ad-Hoc|iPhoneSimulator.Deploy.0 = Ad-Hoc|iPhoneSimulator
		{BFDF6BE8-09C7-407D-B515-3A3D3D5A78E8}.AppStore|Any CPU.ActiveCfg = AppStore|iPhone
		{BFDF6BE8-09C7-407D-B515-3A3D3D5A78E8}.AppStore|Any CPU.Build.0 = AppStore|iPhone
		{BFDF6BE8-09C7-407D-B515-3A3D3D5A78E8}.AppStore|Any CPU.Deploy.0 = AppStore|iPhone
		{BFDF6BE8-09C7-407D-B515-3A3D3D5A78E8}.AppStore|iPhone.ActiveCfg = AppStore|iPhone
		{BFDF6BE8-09C7-407D-B515-3A3D3D5A78E8}.AppStore|iPhone.Build.0 = AppStore|iPhone
		{BFDF6BE8-09C7-407D-B515-3A3D3D5A78E8}.AppStore|iPhone.Deploy.0 = AppStore|iPhone
		{BFDF6BE8-09C7-407D-B515-3A3D3D5A78E8}.AppStore|iPhoneSimulator.ActiveCfg = AppStore|iPhoneSimulator
		{BFDF6BE8-09C7-407D-B515-3A3D3D5A78E8}.AppStore|iPhoneSimulator.Build.0 = AppStore|iPhoneSimulator
		{BFDF6BE8-09C7-407D-B515-3A3D3D5A78E8}.AppStore|iPhoneSimulator.Deploy.0 = AppStore|iPhoneSimulator
		{BFDF6BE8-09C7-407D-B515-3A3D3D5A78E8}.Debug|Any CPU.ActiveCfg = Debug|iPhoneSimulator
		{BFDF6BE8-09C7-407D-B515-3A3D3D5A78E8}.Debug|Any CPU.Build.0 = Debug|iPhoneSimulator
		{BFDF6BE8-09C7-407D-B515-3A3D3D5A78E8}.Debug|Any CPU.Deploy.0 = Debug|iPhoneSimulator
		{BFDF6BE8-09C7-407D-B515-3A3D3D5A78E8}.Debug|iPhone.ActiveCfg = Debug|iPhone
		{BFDF6BE8-09C7-407D-B515-3A3D3D5A78E8}.Debug|iPhone.Build.0 = Debug|iPhone
		{BFDF6BE8-09C7-407D-B515-3A3D3D5A78E8}.Debug|iPhone.Deploy.0 = Debug|iPhone
		{BFDF6BE8-09C7-407D-B515-3A3D3D5A78E8}.Debug|iPhoneSimulator.ActiveCfg = Debug|iPhoneSimulator
		{BFDF6BE8-09C7-407D-B515-3A3D3D5A78E8}.Debug|iPhoneSimulator.Build.0 = Debug|iPhoneSimulator
		{BFDF6BE8-09C7-407D-B515-3A3D3D5A78E8}.Debug|iPhoneSimulator.Deploy.0 = Debug|iPhoneSimulator
		{BFDF6BE8-09C7-407D-B515-3A3D3D5A78E8}.Release|Any CPU.ActiveCfg = Release|iPhone
		{BFDF6BE8-09C7-407D-B515-3A3D3D5A78E8}.Release|Any CPU.Build.0 = Release|iPhone
		{BFDF6BE8-09C7-407D-B515-3A3D3D5A78E8}.Release|Any CPU.Deploy.0 = Release|iPhone
		{BFDF6BE8-09C7-407D-B515-3A3D3D5A78E8}.Release|iPhone.ActiveCfg = Release|iPhone
		{BFDF6BE8-09C7-407D-B515-3A3D3D5A78E8}.Release|iPhone.Build.0 = Release|iPhone
		{BFDF6BE8-09C7-407D-B515-3A3D3D5A78E8}.Release|iPhone.Deploy.0 = Release|iPhone
		{BFDF6BE8-09C7-407D-B515-3A3D3D5A78E8}.Release|iPhoneSimulator.ActiveCfg = Release|iPhoneSimulator
		{BFDF6BE8-09C7-407D-B515-3A3D3D5A78E8}.Release|iPhoneSimulator.Build.0 = Release|iPhoneSimulator
		{BFDF6BE8-09C7-407D-B515-3A3D3D5A78E8}.Release|iPhoneSimulator.Deploy.0 = Release|iPhoneSimulator
		{1ED6AFF1-4B5C-434B-9CF3-8D8B6F722473}.Ad-Hoc|Any CPU.ActiveCfg = Debug|Any CPU
		{1ED6AFF1-4B5C-434B-9CF3-8D8B6F722473}.Ad-Hoc|Any CPU.Build.0 = Debug|Any CPU
		{1ED6AFF1-4B5C-434B-9CF3-8D8B6F722473}.Ad-Hoc|Any CPU.Deploy.0 = Debug|Any CPU
		{1ED6AFF1-4B5C-434B-9CF3-8D8B6F722473}.Ad-Hoc|iPhone.ActiveCfg = Debug|Any CPU
		{1ED6AFF1-4B5C-434B-9CF3-8D8B6F722473}.Ad-Hoc|iPhone.Build.0 = Debug|Any CPU
		{1ED6AFF1-4B5C-434B-9CF3-8D8B6F722473}.Ad-Hoc|iPhone.Deploy.0 = Debug|Any CPU
		{1ED6AFF1-4B5C-434B-9CF3-8D8B6F722473}.Ad-Hoc|iPhoneSimulator.ActiveCfg = Debug|Any CPU
		{1ED6AFF1-4B5C-434B-9CF3-8D8B6F722473}.Ad-Hoc|iPhoneSimulator.Build.0 = Debug|Any CPU
		{1ED6AFF1-4B5C-434B-9CF3-8D8B6F722473}.Ad-Hoc|iPhoneSimulator.Deploy.0 = Debug|Any CPU
		{1ED6AFF1-4B5C-434B-9CF3-8D8B6F722473}.AppStore|Any CPU.ActiveCfg = Debug|Any CPU
		{1ED6AFF1-4B5C-434B-9CF3-8D8B6F722473}.AppStore|Any CPU.Build.0 = Debug|Any CPU
		{1ED6AFF1-4B5C-434B-9CF3-8D8B6F722473}.AppStore|Any CPU.Deploy.0 = Debug|Any CPU
		{1ED6AFF1-4B5C-434B-9CF3-8D8B6F722473}.AppStore|iPhone.ActiveCfg = Debug|Any CPU
		{1ED6AFF1-4B5C-434B-9CF3-8D8B6F722473}.AppStore|iPhone.Build.0 = Debug|Any CPU
		{1ED6AFF1-4B5C-434B-9CF3-8D8B6F722473}.AppStore|iPhone.Deploy.0 = Debug|Any CPU
		{1ED6AFF1-4B5C-434B-9CF3-8D8B6F722473}.AppStore|iPhoneSimulator.ActiveCfg = Debug|Any CPU
		{1ED6AFF1-4B5C-434B-9CF3-8D8B6F722473}.AppStore|iPhoneSimulator.Build.0 = Debug|Any CPU
		{1ED6AFF1-4B5C-434B-9CF3-8D8B6F722473}.AppStore|iPhoneSimulator.Deploy.0 = Debug|Any CPU
		{1ED6AFF1-4B5C-434B-9CF3-8D8B6F722473}.Debug|Any CPU.ActiveCfg = Debug|Any CPU
		{1ED6AFF1-4B5C-434B-9CF3-8D8B6F722473}.Debug|Any CPU.Build.0 = Debug|Any CPU
		{1ED6AFF1-4B5C-434B-9CF3-8D8B6F722473}.Debug|Any CPU.Deploy.0 = Debug|Any CPU
		{1ED6AFF1-4B5C-434B-9CF3-8D8B6F722473}.Debug|iPhone.ActiveCfg = Debug|Any CPU
		{1ED6AFF1-4B5C-434B-9CF3-8D8B6F722473}.Debug|iPhone.Build.0 = Debug|Any CPU
		{1ED6AFF1-4B5C-434B-9CF3-8D8B6F722473}.Debug|iPhone.Deploy.0 = Debug|Any CPU
		{1ED6AFF1-4B5C-434B-9CF3-8D8B6F722473}.Debug|iPhoneSimulator.ActiveCfg = Debug|Any CPU
		{1ED6AFF1-4B5C-434B-9CF3-8D8B6F722473}.Debug|iPhoneSimulator.Build.0 = Debug|Any CPU
		{1ED6AFF1-4B5C-434B-9CF3-8D8B6F722473}.Debug|iPhoneSimulator.Deploy.0 = Debug|Any CPU
		{1ED6AFF1-4B5C-434B-9CF3-8D8B6F722473}.Release|Any CPU.ActiveCfg = Release|Any CPU
		{1ED6AFF1-4B5C-434B-9CF3-8D8B6F722473}.Release|Any CPU.Build.0 = Release|Any CPU
		{1ED6AFF1-4B5C-434B-9CF3-8D8B6F722473}.Release|Any CPU.Deploy.0 = Release|Any CPU
		{1ED6AFF1-4B5C-434B-9CF3-8D8B6F722473}.Release|iPhone.ActiveCfg = Release|Any CPU
		{1ED6AFF1-4B5C-434B-9CF3-8D8B6F722473}.Release|iPhone.Build.0 = Release|Any CPU
		{1ED6AFF1-4B5C-434B-9CF3-8D8B6F722473}.Release|iPhone.Deploy.0 = Release|Any CPU
		{1ED6AFF1-4B5C-434B-9CF3-8D8B6F722473}.Release|iPhoneSimulator.ActiveCfg = Release|Any CPU
		{1ED6AFF1-4B5C-434B-9CF3-8D8B6F722473}.Release|iPhoneSimulator.Build.0 = Release|Any CPU
		{1ED6AFF1-4B5C-434B-9CF3-8D8B6F722473}.Release|iPhoneSimulator.Deploy.0 = Release|Any CPU
	EndGlobalSection
	GlobalSection(SolutionProperties) = preSolution
		HideSolutionNode = FALSE
	EndGlobalSection
	GlobalSection(ExtensibilityGlobals) = postSolution
		SolutionGuid = {D0E9E540-D733-4AE5-8CA0-CC9282D671D7}
	EndGlobalSection
EndGlobal
